dependencies:
- name: postgresql
  repository: https://charts.bitnami.com/bitnami
  version: 12.12.10
- name: kafka
  repository: https://charts.bitnami.com/bitnami
  version: 26.8.5
- name: minio
  repository: https://charts.bitnami.com/bitnami
  version: 12.10.0
digest: sha256:1e2d1dfaad45e25833c96bcb91afc5a6e44020e1c66e30daa2c9c85a84e65c3d
generated: "2025-10-04T01:05:46.461772+01:00"
